// !$*UTF8*$!
{
	archiveVersion = 1;
	classes = {
	};
	objectVersion = 77;
	objects = {

/* Begin PBXBuildFile section */
		244D3DC02E241A85002E64CC /* FirebaseAI in Frameworks */ = {isa = PBXBuildFile; productRef = 244D3DBF2E241A85002E64CC /* FirebaseAI */; };
		2460C68C2E1B8375003E4E2E /* Transformers in Frameworks */ = {isa = PBXBuildFile; productRef = 2460C68B2E1B8375003E4E2E /* Transformers */; };
		2483DB5B2E261683004996CE /* ObjectBox.xcframework in Frameworks */ = {isa = PBXBuildFile; productRef = 2483DB5A2E261683004996CE /* ObjectBox.xcframework */; };
		E5C379CA3DF020C495424C7D /* Pods_CVJDMatcher.framework in Frameworks */ = {isa = PBXBuildFile; fileRef = F225384D4074EBF178486B5D /* Pods_CVJDMatcher.framework */; };
/* End PBXBuildFile section */

/* Begin PBXFileReference section */
		05F0E5348429CD92538720CE /* Pods-CVJDMatcher.release.xcconfig */ = {isa = PBXFileReference; includeInIndex = 1; lastKnownFileType = text.xcconfig; name = "Pods-CVJDMatcher.release.xcconfig"; path = "Target Support Files/Pods-CVJDMatcher/Pods-CVJDMatcher.release.xcconfig"; sourceTree = "<group>"; };
		245A7BCB2E123CDD00936155 /* CVJDMatcher.app */ = {isa = PBXFileReference; explicitFileType = wrapper.application; includeInIndex = 0; path = CVJDMatcher.app; sourceTree = BUILT_PRODUCTS_DIR; };
		8883213AE39F67F2274B4F35 /* Pods-CVJDMatcher.debug.xcconfig */ = {isa = PBXFileReference; includeInIndex = 1; lastKnownFileType = text.xcconfig; name = "Pods-CVJDMatcher.debug.xcconfig"; path = "Target Support Files/Pods-CVJDMatcher/Pods-CVJDMatcher.debug.xcconfig"; sourceTree = "<group>"; };
		F225384D4074EBF178486B5D /* Pods_CVJDMatcher.framework */ = {isa = PBXFileReference; explicitFileType = wrapper.framework; includeInIndex = 0; path = Pods_CVJDMatcher.framework; sourceTree = BUILT_PRODUCTS_DIR; };
/* End PBXFileReference section */

/* Begin PBXFileSystemSynchronizedRootGroup section */
		245A7BCD2E123CDD00936155 /* CVJDMatcher */ = {
			isa = PBXFileSystemSynchronizedRootGroup;
			path = CVJDMatcher;
			sourceTree = "<group>";
		};
/* End PBXFileSystemSynchronizedRootGroup section */

/* Begin PBXFrameworksBuildPhase section */
		245A7BC82E123CDD00936155 /* Frameworks */ = {
			isa = PBXFrameworksBuildPhase;
			buildActionMask = 2147483647;
			files = (
				2483DB5B2E261683004996CE /* ObjectBox.xcframework in Frameworks */,
				2460C68C2E1B8375003E4E2E /* Transformers in Frameworks */,
				244D3DC02E241A85002E64CC /* FirebaseAI in Frameworks */,
				E5C379CA3DF020C495424C7D /* Pods_CVJDMatcher.framework in Frameworks */,
			);
			runOnlyForDeploymentPostprocessing = 0;
		};
/* End PBXFrameworksBuildPhase section */

/* Begin PBXGroup section */
		245A7BC22E123CDD00936155 = {
			isa = PBXGroup;
			children = (
				245A7BCD2E123CDD00936155 /* CVJDMatcher */,
				245A7BCC2E123CDD00936155 /* Products */,
				C24669ABA4D2229516A0F928 /* Pods */,
				90DE43A4BAFD26B0815F98D5 /* Frameworks */,
			);
			sourceTree = "<group>";
		};
		245A7BCC2E123CDD00936155 /* Products */ = {
			isa = PBXGroup;
			children = (
				245A7BCB2E123CDD00936155 /* CVJDMatcher.app */,
			);
			name = Products;
			sourceTree = "<group>";
		};
		90DE43A4BAFD26B0815F98D5 /* Frameworks */ = {
			isa = PBXGroup;
			children = (
				F225384D4074EBF178486B5D /* Pods_CVJDMatcher.framework */,
			);
			name = Frameworks;
			sourceTree = "<group>";
		};
		C24669ABA4D2229516A0F928 /* Pods */ = {
			isa = PBXGroup;
			children = (
				8883213AE39F67F2274B4F35 /* Pods-CVJDMatcher.debug.xcconfig */,
				05F0E5348429CD92538720CE /* Pods-CVJDMatcher.release.xcconfig */,
			);
			path = Pods;
			sourceTree = "<group>";
		};
/* End PBXGroup section */

/* Begin PBXNativeTarget section */
		245A7BCA2E123CDD00936155 /* CVJDMatcher */ = {
			isa = PBXNativeTarget;
			buildConfigurationList = 245A7BD62E123CDE00936155 /* Build configuration list for PBXNativeTarget "CVJDMatcher" */;
			buildPhases = (
				D30CA8058A2A687FD636A68B /* [CP] Check Pods Manifest.lock */,
				245A7BC72E123CDD00936155 /* Sources */,
				245A7BC82E123CDD00936155 /* Frameworks */,
				245A7BC92E123CDD00936155 /* Resources */,
			);
			buildRules = (
			);
			dependencies = (
			);
			fileSystemSynchronizedGroups = (
				245A7BCD2E123CDD00936155 /* CVJDMatcher */,
			);
			name = CVJDMatcher;
			packageProductDependencies = (
				2460C68B2E1B8375003E4E2E /* Transformers */,
				244D3DBF2E241A85002E64CC /* FirebaseAI */,
				2483DB5A2E261683004996CE /* ObjectBox.xcframework */,
			);
			productName = CVJDMatcher;
			productReference = 245A7BCB2E123CDD00936155 /* CVJDMatcher.app */;
			productType = "com.apple.product-type.application";
		};
/* End PBXNativeTarget section */

/* Begin PBXProject section */
		245A7BC32E123CDD00936155 /* Project object */ = {
			isa = PBXProject;
			attributes = {
				BuildIndependentTargetsInParallel = 1;
				LastSwiftUpdateCheck = 1640;
				LastUpgradeCheck = 1640;
				TargetAttributes = {
					245A7BCA2E123CDD00936155 = {
						CreatedOnToolsVersion = 16.4;
					};
				};
			};
			buildConfigurationList = 245A7BC62E123CDD00936155 /* Build configuration list for PBXProject "CVJDMatcher" */;
			developmentRegion = en;
			hasScannedForEncodings = 0;
			knownRegions = (
				en,
				Base,
			);
			mainGroup = 245A7BC22E123CDD00936155;
			minimizedProjectReferenceProxies = 1;
			packageReferences = (
				2460C68A2E1B8375003E4E2E /* XCRemoteSwiftPackageReference "swift-transformers" */,
				244D3DBE2E241A85002E64CC /* XCRemoteSwiftPackageReference "firebase-ios-sdk" */,
				2483DB592E261683004996CE /* XCRemoteSwiftPackageReference "objectbox-swift-spm" */,
			);
			preferredProjectObjectVersion = 77;
			productRefGroup = 245A7BCC2E123CDD00936155 /* Products */;
			projectDirPath = "";
			projectRoot = "";
			targets = (
				245A7BCA2E123CDD00936155 /* CVJDMatcher */,
			);
		};
/* End PBXProject section */

/* Begin PBXResourcesBuildPhase section */
		245A7BC92E123CDD00936155 /* Resources */ = {
			isa = PBXResourcesBuildPhase;
			buildActionMask = 2147483647;
			files = (
			);
			runOnlyForDeploymentPostprocessing = 0;
		};
/* End PBXResourcesBuildPhase section */

/* Begin PBXShellScriptBuildPhase section */
		D30CA8058A2A687FD636A68B /* [CP] Check Pods Manifest.lock */ = {
			isa = PBXShellScriptBuildPhase;
			buildActionMask = 2147483647;
			files = (
			);
			inputFileListPaths = (
			);
			inputPaths = (
				"${PODS_PODFILE_DIR_PATH}/Podfile.lock",
				"${PODS_ROOT}/Manifest.lock",
			);
			name = "[CP] Check Pods Manifest.lock";
			outputFileListPaths = (
			);
			outputPaths = (
				"$(DERIVED_FILE_DIR)/Pods-CVJDMatcher-checkManifestLockResult.txt",
			);
			runOnlyForDeploymentPostprocessing = 0;
			shellPath = /bin/sh;
			shellScript = "diff \"${PODS_PODFILE_DIR_PATH}/Podfile.lock\" \"${PODS_ROOT}/Manifest.lock\" > /dev/null\nif [ $? != 0 ] ; then\n    # print error to STDERR\n    echo \"error: The sandbox is not in sync with the Podfile.lock. Run 'pod install' or update your CocoaPods installation.\" >&2\n    exit 1\nfi\n# This output is used by Xcode 'outputs' to avoid re-running this script phase.\necho \"SUCCESS\" > \"${SCRIPT_OUTPUT_FILE_0}\"\n";
			showEnvVarsInLog = 0;
		};
/* End PBXShellScriptBuildPhase section */

/* Begin PBXSourcesBuildPhase section */
		245A7BC72E123CDD00936155 /* Sources */ = {
			isa = PBXSourcesBuildPhase;
			buildActionMask = 2147483647;
			files = (
			);
			runOnlyForDeploymentPostprocessing = 0;
		};
/* End PBXSourcesBuildPhase section */

/* Begin XCBuildConfiguration section */
		245A7BD42E123CDE00936155 /* Debug */ = {
			isa = XCBuildConfiguration;
			buildSettings = {
				ALWAYS_SEARCH_USER_PATHS = NO;
				ASSETCATALOG_COMPILER_GENERATE_SWIFT_ASSET_SYMBOL_EXTENSIONS = YES;
				CLANG_ANALYZER_NONNULL = YES;
				CLANG_ANALYZER_NUMBER_OBJECT_CONVERSION = YES_AGGRESSIVE;
				CLANG_CXX_LANGUAGE_STANDARD = "gnu++20";
				CLANG_ENABLE_MODULES = YES;
				CLANG_ENABLE_OBJC_ARC = YES;
				CLANG_ENABLE_OBJC_WEAK = YES;
				CLANG_WARN_BLOCK_CAPTURE_AUTORELEASING = YES;
				CLANG_WARN_BOOL_CONVERSION = YES;
				CLANG_WARN_COMMA = YES;
				CLANG_WARN_CONSTANT_CONVERSION = YES;
				CLANG_WARN_DEPRECATED_OBJC_IMPLEMENTATIONS = YES;
				CLANG_WARN_DIRECT_OBJC_ISA_USAGE = YES_ERROR;
				CLANG_WARN_DOCUMENTATION_COMMENTS = YES;
				CLANG_WARN_EMPTY_BODY = YES;
				CLANG_WARN_ENUM_CONVERSION = YES;
				CLANG_WARN_INFINITE_RECURSION = YES;
				CLANG_WARN_INT_CONVERSION = YES;
				CLANG_WARN_NON_LITERAL_NULL_CONVERSION = YES;
				CLANG_WARN_OBJC_IMPLICIT_RETAIN_SELF = YES;
				CLANG_WARN_OBJC_LITERAL_CONVERSION = YES;
				CLANG_WARN_OBJC_ROOT_CLASS = YES_ERROR;
				CLANG_WARN_QUOTED_INCLUDE_IN_FRAMEWORK_HEADER = YES;
				CLANG_WARN_RANGE_LOOP_ANALYSIS = YES;
				CLANG_WARN_STRICT_PROTOTYPES = YES;
				CLANG_WARN_SUSPICIOUS_MOVE = YES;
				CLANG_WARN_UNGUARDED_AVAILABILITY = YES_AGGRESSIVE;
				CLANG_WARN_UNREACHABLE_CODE = YES;
				CLANG_WARN__DUPLICATE_METHOD_MATCH = YES;
				COPY_PHASE_STRIP = NO;
				DEBUG_INFORMATION_FORMAT = dwarf;
				DEVELOPMENT_TEAM = 3KVCFKUZZ6;
				ENABLE_STRICT_OBJC_MSGSEND = YES;
				ENABLE_TESTABILITY = YES;
				ENABLE_USER_SCRIPT_SANDBOXING = YES;
				GCC_C_LANGUAGE_STANDARD = gnu17;
				GCC_DYNAMIC_NO_PIC = NO;
				GCC_NO_COMMON_BLOCKS = YES;
				GCC_OPTIMIZATION_LEVEL = 0;
				GCC_PREPROCESSOR_DEFINITIONS = (
					"DEBUG=1",
					"$(inherited)",
				);
				GCC_WARN_64_TO_32_BIT_CONVERSION = YES;
				GCC_WARN_ABOUT_RETURN_TYPE = YES_ERROR;
				GCC_WARN_UNDECLARED_SELECTOR = YES;
				GCC_WARN_UNINITIALIZED_AUTOS = YES_AGGRESSIVE;
				GCC_WARN_UNUSED_FUNCTION = YES;
				GCC_WARN_UNUSED_VARIABLE = YES;
				IPHONEOS_DEPLOYMENT_TARGET = 17.6;
				LOCALIZATION_PREFERS_STRING_CATALOGS = YES;
				MTL_ENABLE_DEBUG_INFO = INCLUDE_SOURCE;
				MTL_FAST_MATH = YES;
				ONLY_ACTIVE_ARCH = YES;
				SDKROOT = iphoneos;
				SWIFT_ACTIVE_COMPILATION_CONDITIONS = "DEBUG $(inherited)";
				SWIFT_OPTIMIZATION_LEVEL = "-Onone";
			};
			name = Debug;
		};
		245A7BD52E123CDE00936155 /* Release */ = {
			isa = XCBuildConfiguration;
			buildSettings = {
				ALWAYS_SEARCH_USER_PATHS = NO;
				ASSETCATALOG_COMPILER_GENERATE_SWIFT_ASSET_SYMBOL_EXTENSIONS = YES;
				CLANG_ANALYZER_NONNULL = YES;
				CLANG_ANALYZER_NUMBER_OBJECT_CONVERSION = YES_AGGRESSIVE;
				CLANG_CXX_LANGUAGE_STANDARD = "gnu++20";
				CLANG_ENABLE_MODULES = YES;
				CLANG_ENABLE_OBJC_ARC = YES;
				CLANG_ENABLE_OBJC_WEAK = YES;
				CLANG_WARN_BLOCK_CAPTURE_AUTORELEASING = YES;
				CLANG_WARN_BOOL_CONVERSION = YES;
				CLANG_WARN_COMMA = YES;
				CLANG_WARN_CONSTANT_CONVERSION = YES;
				CLANG_WARN_DEPRECATED_OBJC_IMPLEMENTATIONS = YES;
				CLANG_WARN_DIRECT_OBJC_ISA_USAGE = YES_ERROR;
				CLANG_WARN_DOCUMENTATION_COMMENTS = YES;
				CLANG_WARN_EMPTY_BODY = YES;
				CLANG_WARN_ENUM_CONVERSION = YES;
				CLANG_WARN_INFINITE_RECURSION = YES;
				CLANG_WARN_INT_CONVERSION = YES;
				CLANG_WARN_NON_LITERAL_NULL_CONVERSION = YES;
				CLANG_WARN_OBJC_IMPLICIT_RETAIN_SELF = YES;
				CLANG_WARN_OBJC_LITERAL_CONVERSION = YES;
				CLANG_WARN_OBJC_ROOT_CLASS = YES_ERROR;
				CLANG_WARN_QUOTED_INCLUDE_IN_FRAMEWORK_HEADER = YES;
				CLANG_WARN_RANGE_LOOP_ANALYSIS = YES;
				CLANG_WARN_STRICT_PROTOTYPES = YES;
				CLANG_WARN_SUSPICIOUS_MOVE = YES;
				CLANG_WARN_UNGUARDED_AVAILABILITY = YES_AGGRESSIVE;
				CLANG_WARN_UNREACHABLE_CODE = YES;
				CLANG_WARN__DUPLICATE_METHOD_MATCH = YES;
				COPY_PHASE_STRIP = NO;
				DEBUG_INFORMATION_FORMAT = "dwarf-with-dsym";
				DEVELOPMENT_TEAM = 3KVCFKUZZ6;
				ENABLE_NS_ASSERTIONS = NO;
				ENABLE_STRICT_OBJC_MSGSEND = YES;
				ENABLE_USER_SCRIPT_SANDBOXING = YES;
				GCC_C_LANGUAGE_STANDARD = gnu17;
				GCC_NO_COMMON_BLOCKS = YES;
				GCC_WARN_64_TO_32_BIT_CONVERSION = YES;
				GCC_WARN_ABOUT_RETURN_TYPE = YES_ERROR;
				GCC_WARN_UNDECLARED_SELECTOR = YES;
				GCC_WARN_UNINITIALIZED_AUTOS = YES_AGGRESSIVE;
				GCC_WARN_UNUSED_FUNCTION = YES;
				GCC_WARN_UNUSED_VARIABLE = YES;
				IPHONEOS_DEPLOYMENT_TARGET = 17.6;
				LOCALIZATION_PREFERS_STRING_CATALOGS = YES;
				MTL_ENABLE_DEBUG_INFO = NO;
				MTL_FAST_MATH = YES;
				SDKROOT = iphoneos;
				SWIFT_COMPILATION_MODE = wholemodule;
				VALIDATE_PRODUCT = YES;
			};
			name = Release;
		};
		245A7BD72E123CDE00936155 /* Debug */ = {
			isa = XCBuildConfiguration;
			baseConfigurationReference = 8883213AE39F67F2274B4F35 /* Pods-CVJDMatcher.debug.xcconfig */;
			buildSettings = {
				ASSETCATALOG_COMPILER_APPICON_NAME = AppIcon;
				ASSETCATALOG_COMPILER_GLOBAL_ACCENT_COLOR_NAME = AccentColor;
				CODE_SIGN_STYLE = Automatic;
				CURRENT_PROJECT_VERSION = 1;
				DEVELOPMENT_TEAM = 3KVCFKUZZ6;
				ENABLE_PREVIEWS = YES;
				ENABLE_USER_SCRIPT_SANDBOXING = YES;
				GENERATE_INFOPLIST_FILE = YES;
				INFOPLIST_KEY_UIApplicationSceneManifest_Generation = YES;
				INFOPLIST_KEY_UIApplicationSupportsIndirectInputEvents = YES;
				INFOPLIST_KEY_UILaunchScreen_Generation = YES;
				INFOPLIST_KEY_UISupportedInterfaceOrientations_iPad = "UIInterfaceOrientationPortrait UIInterfaceOrientationPortraitUpsideDown UIInterfaceOrientationLandscapeLeft UIInterfaceOrientationLandscapeRight";
				INFOPLIST_KEY_UISupportedInterfaceOrientations_iPhone = "UIInterfaceOrientationPortrait UIInterfaceOrientationLandscapeLeft UIInterfaceOrientationLandscapeRight";
				IPHONEOS_DEPLOYMENT_TARGET = 16.6;
				LD_RUNPATH_SEARCH_PATHS = (
					"$(inherited)",
					"@executable_path/Frameworks",
				);
				MARKETING_VERSION = 1.0;
				PRODUCT_BUNDLE_IDENTIFIER = huylehoang.CVJDMatcher;
				PRODUCT_NAME = "$(TARGET_NAME)";
				SWIFT_EMIT_LOC_STRINGS = YES;
				SWIFT_VERSION = 5.0;
				TARGETED_DEVICE_FAMILY = "1,2";
			};
			name = Debug;
		};
		245A7BD82E123CDE00936155 /* Release */ = {
			isa = XCBuildConfiguration;
			baseConfigurationReference = 05F0E5348429CD92538720CE /* Pods-CVJDMatcher.release.xcconfig */;
			buildSettings = {
				ASSETCATALOG_COMPILER_APPICON_NAME = AppIcon;
				ASSETCATALOG_COMPILER_GLOBAL_ACCENT_COLOR_NAME = AccentColor;
				CODE_SIGN_STYLE = Automatic;
				CURRENT_PROJECT_VERSION = 1;
				DEVELOPMENT_TEAM = 3KVCFKUZZ6;
				ENABLE_PREVIEWS = YES;
				ENABLE_USER_SCRIPT_SANDBOXING = YES;
				GENERATE_INFOPLIST_FILE = YES;
				INFOPLIST_KEY_UIApplicationSceneManifest_Generation = YES;
				INFOPLIST_KEY_UIApplicationSupportsIndirectInputEvents = YES;
				INFOPLIST_KEY_UILaunchScreen_Generation = YES;
				INFOPLIST_KEY_UISupportedInterfaceOrientations_iPad = "UIInterfaceOrientationPortrait UIInterfaceOrientationPortraitUpsideDown UIInterfaceOrientationLandscapeLeft UIInterfaceOrientationLandscapeRight";
				INFOPLIST_KEY_UISupportedInterfaceOrientations_iPhone = "UIInterfaceOrientationPortrait UIInterfaceOrientationLandscapeLeft UIInterfaceOrientationLandscapeRight";
				IPHONEOS_DEPLOYMENT_TARGET = 16.6;
				LD_RUNPATH_SEARCH_PATHS = (
					"$(inherited)",
					"@executable_path/Frameworks",
				);
				MARKETING_VERSION = 1.0;
				PRODUCT_BUNDLE_IDENTIFIER = huylehoang.CVJDMatcher;
				PRODUCT_NAME = "$(TARGET_NAME)";
				SWIFT_EMIT_LOC_STRINGS = YES;
				SWIFT_VERSION = 5.0;
				TARGETED_DEVICE_FAMILY = "1,2";
			};
			name = Release;
		};
/* End XCBuildConfiguration section */

/* Begin XCConfigurationList section */
		245A7BC62E123CDD00936155 /* Build configuration list for PBXProject "CVJDMatcher" */ = {
			isa = XCConfigurationList;
			buildConfigurations = (
				245A7BD42E123CDE00936155 /* Debug */,
				245A7BD52E123CDE00936155 /* Release */,
			);
			defaultConfigurationIsVisible = 0;
			defaultConfigurationName = Release;
		};
		245A7BD62E123CDE00936155 /* Build configuration list for PBXNativeTarget "CVJDMatcher" */ = {
			isa = XCConfigurationList;
			buildConfigurations = (
				245A7BD72E123CDE00936155 /* Debug */,
				245A7BD82E123CDE00936155 /* Release */,
			);
			defaultConfigurationIsVisible = 0;
			defaultConfigurationName = Release;
		};
/* End XCConfigurationList section */

/* Begin XCRemoteSwiftPackageReference section */
		244D3DBE2E241A85002E64CC /* XCRemoteSwiftPackageReference "firebase-ios-sdk" */ = {
			isa = XCRemoteSwiftPackageReference;
			repositoryURL = "https://github.com/firebase/firebase-ios-sdk";
			requirement = {
				kind = upToNextMajorVersion;
				minimumVersion = 11.15.0;
			};
		};
		2460C68A2E1B8375003E4E2E /* XCRemoteSwiftPackageReference "swift-transformers" */ = {
			isa = XCRemoteSwiftPackageReference;
			repositoryURL = "https://github.com/huggingface/swift-transformers";
			requirement = {
				kind = upToNextMajorVersion;
				minimumVersion = 0.1.21;
			};
		};
		2483DB592E261683004996CE /* XCRemoteSwiftPackageReference "objectbox-swift-spm" */ = {
			isa = XCRemoteSwiftPackageReference;
			repositoryURL = "https://github.com/objectbox/objectbox-swift-spm.git";
			requirement = {
				kind = upToNextMajorVersion;
				minimumVersion = 4.4.0;
			};
		};
/* End XCRemoteSwiftPackageReference section */

/* Begin XCSwiftPackageProductDependency section */
		244D3DBF2E241A85002E64CC /* FirebaseAI */ = {
			isa = XCSwiftPackageProductDependency;
			package = 244D3DBE2E241A85002E64CC /* XCRemoteSwiftPackageReference "firebase-ios-sdk" */;
			productName = FirebaseAI;
		};
		2460C68B2E1B8375003E4E2E /* Transformers */ = {
			isa = XCSwiftPackageProductDependency;
			package = 2460C68A2E1B8375003E4E2E /* XCRemoteSwiftPackageReference "swift-transformers" */;
			productName = Transformers;
		};
		2483DB5A2E261683004996CE /* ObjectBox.xcframework */ = {
			isa = XCSwiftPackageProductDependency;
			package = 2483DB592E261683004996CE /* XCRemoteSwiftPackageReference "objectbox-swift-spm" */;
			productName = ObjectBox.xcframework;
		};
/* End XCSwiftPackageProductDependency section */
	};
	rootObject = 245A7BC32E123CDD00936155 /* Project object */;
}
